Microsoft Visual Studio Solution File, Format Version 12.00
# Visual Studio Version 17
VisualStudioVersion = 17.13.35806.99
MinimumVisualStudioVersion = 10.0.40219.1
Project("{FAE04EC0-301F-11D3-BF4B-00C04F79EFBC}") = "StoryBook", "StoryBook\StoryBook.csproj", "{2C8AA75B-9620-4F93-9FF1-E1D7E3C51917}"
EndProject
Global
	GlobalSection(SolutionConfigurationPlatforms) = preSolution
		Debug|Any CPU = Debug|Any CPU
		Release|Any CPU = Release|Any CPU
	EndGlobalSection
	GlobalSection(ProjectConfigurationPlatforms) = postSolution
		{2C8AA75B-9620-4F93-9FF1-E1D7E3C51917}.Debug|Any CPU.ActiveCfg = Debug|Any CPU
		{2C8AA75B-9620-4F93-9FF1-E1D7E3C51917}.Debug|Any CPU.Build.0 = Debug|Any CPU
		{2C8AA75B-9620-4F93-9FF1-E1D7E3C51917}.Release|Any CPU.ActiveCfg = Release|Any CPU
		{2C8AA75B-9620-4F93-9FF1-E1D7E3C51917}.Release|Any CPU.Build.0 = Release|Any CPU
	EndGlobalSection
	GlobalSection(SolutionProperties) = preSolution
		HideSolutionNode = FALSE
	EndGlobalSection
	GlobalSection(ExtensibilityGlobals) = postSolution
		SolutionGuid = {A958E0F9-624B-42A1-8673-E123EF4D3587}
	EndGlobalSection
EndGlobal
